// !$*UTF8*$!
{
	archiveVersion = 1;
	classes = {
	};
	objectVersion = 56;
	objects = {

/* Begin PBXBuildFile section */
		0D0680BF2AFE453600F918C6 /* BindingExtensions.swift in Sources */ = {isa = PBXBuildFile; fileRef = 0D0680BE2AFE453600F918C6 /* BindingExtensions.swift */; };
		0D0680C22AFE540200F918C6 /* SigninViewModel.swift in Sources */ = {isa = PBXBuildFile; fileRef = 0D0680C12AFE540200F918C6 /* SigninViewModel.swift */; };
		0D0680C52AFE872B00F918C6 /* JWTDecode in Frameworks */ = {isa = PBXBuildFile; productRef = 0D0680C42AFE872B00F918C6 /* JWTDecode */; };
		0D0680C82AFEB5F200F918C6 /* UserAuthManager.swift in Sources */ = {isa = PBXBuildFile; fileRef = 0D0680C72AFEB5F200F918C6 /* UserAuthManager.swift */; };
		0D325FB12AFBE24A0099FAD2 /* NavigationItem.swift in Sources */ = {isa = PBXBuildFile; fileRef = 0D325FB02AFBE24A0099FAD2 /* NavigationItem.swift */; };
		0D325FB32AFBF01E0099FAD2 /* Sidebar.swift in Sources */ = {isa = PBXBuildFile; fileRef = 0D325FB22AFBF01E0099FAD2 /* Sidebar.swift */; };
		0D325FB52AFBF4600099FAD2 /* DetailView.swift in Sources */ = {isa = PBXBuildFile; fileRef = 0D325FB42AFBF4600099FAD2 /* DetailView.swift */; };
		0D325FB72AFBF4910099FAD2 /* AddTodoView.swift in Sources */ = {isa = PBXBuildFile; fileRef = 0D325FB62AFBF4910099FAD2 /* AddTodoView.swift */; };
		0D325FB92AFBF49C0099FAD2 /* ListTodoView.swift in Sources */ = {isa = PBXBuildFile; fileRef = 0D325FB82AFBF49C0099FAD2 /* ListTodoView.swift */; };
		0D325FBB2AFBF4DE0099FAD2 /* HomeView.swift in Sources */ = {isa = PBXBuildFile; fileRef = 0D325FBA2AFBF4DE0099FAD2 /* HomeView.swift */; };
		0D325FBD2AFD1D850099FAD2 /* SignupHandler.swift in Sources */ = {isa = PBXBuildFile; fileRef = 0D325FBC2AFD1D850099FAD2 /* SignupHandler.swift */; };
		0D325FC02AFD1FC90099FAD2 /* NetworkService.swift in Sources */ = {isa = PBXBuildFile; fileRef = 0D325FBF2AFD1FC90099FAD2 /* NetworkService.swift */; };
		0D325FC22AFD1FE40099FAD2 /* Endpoints.swift in Sources */ = {isa = PBXBuildFile; fileRef = 0D325FC12AFD1FE40099FAD2 /* Endpoints.swift */; };
		0D325FC52AFD22FE0099FAD2 /* SignupViewModel.swift in Sources */ = {isa = PBXBuildFile; fileRef = 0D325FC42AFD22FE0099FAD2 /* SignupViewModel.swift */; };
		0D4B389A2AF6B48F0021A71F /* KoToDoApp.swift in Sources */ = {isa = PBXBuildFile; fileRef = 0D4B38992AF6B48F0021A71F /* KoToDoApp.swift */; };
		0D4B389C2AF6B48F0021A71F /* ContentView.swift in Sources */ = {isa = PBXBuildFile; fileRef = 0D4B389B2AF6B48F0021A71F /* ContentView.swift */; };
		0D4B389E2AF6B48F0021A71F /* Item.swift in Sources */ = {isa = PBXBuildFile; fileRef = 0D4B389D2AF6B48F0021A71F /* Item.swift */; };
		0D4B38A02AF6B4910021A71F /* Assets.xcassets in Resources */ = {isa = PBXBuildFile; fileRef = 0D4B389F2AF6B4910021A71F /* Assets.xcassets */; };
		0D4B38A32AF6B4910021A71F /* Preview Assets.xcassets in Resources */ = {isa = PBXBuildFile; fileRef = 0D4B38A22AF6B4910021A71F /* Preview Assets.xcassets */; };
		0D4B38AF2AF6B5B80021A71F /* User.swift in Sources */ = {isa = PBXBuildFile; fileRef = 0D4B38AE2AF6B5B80021A71F /* User.swift */; };
		0D4B38B12AF6B62B0021A71F /* JWTToken.swift in Sources */ = {isa = PBXBuildFile; fileRef = 0D4B38B02AF6B62B0021A71F /* JWTToken.swift */; };
		0D4B38B32AF6B65E0021A71F /* Todo.swift in Sources */ = {isa = PBXBuildFile; fileRef = 0D4B38B22AF6B65E0021A71F /* Todo.swift */; };
		0D6991872AF6DD4D00FC7051 /* SignUpView.swift in Sources */ = {isa = PBXBuildFile; fileRef = 0D6991862AF6DD4D00FC7051 /* SignUpView.swift */; };
		0D6991892AF6DDCB00FC7051 /* SignInView.swift in Sources */ = {isa = PBXBuildFile; fileRef = 0D6991882AF6DDCB00FC7051 /* SignInView.swift */; };
		0D69918B2AF6DDDC00FC7051 /* TodoEditorView.swift in Sources */ = {isa = PBXBuildFile; fileRef = 0D69918A2AF6DDDC00FC7051 /* TodoEditorView.swift */; };
		0D9146522AF93561003A4E53 /* LoginHandler.swift in Sources */ = {isa = PBXBuildFile; fileRef = 0D9146512AF93561003A4E53 /* LoginHandler.swift */; };
		0DA1906B2AF7F3B60091931E /* CodableUser.swift in Sources */ = {isa = PBXBuildFile; fileRef = 0DA1906A2AF7F3B60091931E /* CodableUser.swift */; };
		0DA1906D2AF800820091931E /* Info.plist in Resources */ = {isa = PBXBuildFile; fileRef = 0DA1906C2AF800820091931E /* Info.plist */; };
/* End PBXBuildFile section */

/* Begin PBXFileReference section */
		0D0680BE2AFE453600F918C6 /* BindingExtensions.swift */ = {isa = PBXFileReference; lastKnownFileType = sourcecode.swift; path = BindingExtensions.swift; sourceTree = "<group>"; };
		0D0680C12AFE540200F918C6 /* SigninViewModel.swift */ = {isa = PBXFileReference; lastKnownFileType = sourcecode.swift; path = SigninViewModel.swift; sourceTree = "<group>"; };
		0D0680C72AFEB5F200F918C6 /* UserAuthManager.swift */ = {isa = PBXFileReference; lastKnownFileType = sourcecode.swift; path = UserAuthManager.swift; sourceTree = "<group>"; };
		0D325FB02AFBE24A0099FAD2 /* NavigationItem.swift */ = {isa = PBXFileReference; lastKnownFileType = sourcecode.swift; path = NavigationItem.swift; sourceTree = "<group>"; };
		0D325FB22AFBF01E0099FAD2 /* Sidebar.swift */ = {isa = PBXFileReference; lastKnownFileType = sourcecode.swift; path = Sidebar.swift; sourceTree = "<group>"; };
		0D325FB42AFBF4600099FAD2 /* DetailView.swift */ = {isa = PBXFileReference; lastKnownFileType = sourcecode.swift; path = DetailView.swift; sourceTree = "<group>"; };
		0D325FB62AFBF4910099FAD2 /* AddTodoView.swift */ = {isa = PBXFileReference; lastKnownFileType = sourcecode.swift; path = AddTodoView.swift; sourceTree = "<group>"; };
		0D325FB82AFBF49C0099FAD2 /* ListTodoView.swift */ = {isa = PBXFileReference; lastKnownFileType = sourcecode.swift; path = ListTodoView.swift; sourceTree = "<group>"; };
		0D325FBA2AFBF4DE0099FAD2 /* HomeView.swift */ = {isa = PBXFileReference; lastKnownFileType = sourcecode.swift; path = HomeView.swift; sourceTree = "<group>"; };
		0D325FBC2AFD1D850099FAD2 /* SignupHandler.swift */ = {isa = PBXFileReference; lastKnownFileType = sourcecode.swift; path = SignupHandler.swift; sourceTree = "<group>"; };
		0D325FBF2AFD1FC90099FAD2 /* NetworkService.swift */ = {isa = PBXFileReference; lastKnownFileType = sourcecode.swift; path = NetworkService.swift; sourceTree = "<group>"; };
		0D325FC12AFD1FE40099FAD2 /* Endpoints.swift */ = {isa = PBXFileReference; lastKnownFileType = sourcecode.swift; path = Endpoints.swift; sourceTree = "<group>"; };
		0D325FC42AFD22FE0099FAD2 /* SignupViewModel.swift */ = {isa = PBXFileReference; lastKnownFileType = sourcecode.swift; path = SignupViewModel.swift; sourceTree = "<group>"; };
		0D4B38962AF6B48F0021A71F /* KoToDo.app */ = {isa = PBXFileReference; explicitFileType = wrapper.application; includeInIndex = 0; path = KoToDo.app; sourceTree = BUILT_PRODUCTS_DIR; };
		0D4B38992AF6B48F0021A71F /* KoToDoApp.swift */ = {isa = PBXFileReference; lastKnownFileType = sourcecode.swift; path = KoToDoApp.swift; sourceTree = "<group>"; };
		0D4B389B2AF6B48F0021A71F /* ContentView.swift */ = {isa = PBXFileReference; lastKnownFileType = sourcecode.swift; path = ContentView.swift; sourceTree = "<group>"; };
		0D4B389D2AF6B48F0021A71F /* Item.swift */ = {isa = PBXFileReference; lastKnownFileType = sourcecode.swift; path = Item.swift; sourceTree = "<group>"; };
		0D4B389F2AF6B4910021A71F /* Assets.xcassets */ = {isa = PBXFileReference; lastKnownFileType = folder.assetcatalog; path = Assets.xcassets; sourceTree = "<group>"; };
		0D4B38A22AF6B4910021A71F /* Preview Assets.xcassets */ = {isa = PBXFileReference; lastKnownFileType = folder.assetcatalog; path = "Preview Assets.xcassets"; sourceTree = "<group>"; };
		0D4B38A42AF6B4910021A71F /* KoToDo.entitlements */ = {isa = PBXFileReference; lastKnownFileType = text.plist.entitlements; path = KoToDo.entitlements; sourceTree = "<group>"; };
		0D4B38AE2AF6B5B80021A71F /* User.swift */ = {isa = PBXFileReference; lastKnownFileType = sourcecode.swift; path = User.swift; sourceTree = "<group>"; };
		0D4B38B02AF6B62B0021A71F /* JWTToken.swift */ = {isa = PBXFileReference; lastKnownFileType = sourcecode.swift; path = JWTToken.swift; sourceTree = "<group>"; };
		0D4B38B22AF6B65E0021A71F /* Todo.swift */ = {isa = PBXFileReference; lastKnownFileType = sourcecode.swift; path = Todo.swift; sourceTree = "<group>"; };
		0D6991862AF6DD4D00FC7051 /* SignUpView.swift */ = {isa = PBXFileReference; lastKnownFileType = sourcecode.swift; path = SignUpView.swift; sourceTree = "<group>"; };
		0D6991882AF6DDCB00FC7051 /* SignInView.swift */ = {isa = PBXFileReference; lastKnownFileType = sourcecode.swift; path = SignInView.swift; sourceTree = "<group>"; };
		0D69918A2AF6DDDC00FC7051 /* TodoEditorView.swift */ = {isa = PBXFileReference; lastKnownFileType = sourcecode.swift; path = TodoEditorView.swift; sourceTree = "<group>"; };
		0D9146512AF93561003A4E53 /* LoginHandler.swift */ = {isa = PBXFileReference; lastKnownFileType = sourcecode.swift; path = LoginHandler.swift; sourceTree = "<group>"; };
		0DA1906A2AF7F3B60091931E /* CodableUser.swift */ = {isa = PBXFileReference; lastKnownFileType = sourcecode.swift; path = CodableUser.swift; sourceTree = "<group>"; };
		0DA1906C2AF800820091931E /* Info.plist */ = {isa = PBXFileReference; lastKnownFileType = text.plist.xml; path = Info.plist; sourceTree = "<group>"; };
/* End PBXFileReference section */

/* Begin PBXFrameworksBuildPhase section */
		0D4B38932AF6B48F0021A71F /* Frameworks */ = {
			isa = PBXFrameworksBuildPhase;
			buildActionMask = 2147483647;
			files = (
				0D0680C52AFE872B00F918C6 /* JWTDecode in Frameworks */,
			);
			runOnlyForDeploymentPostprocessing = 0;
		};
/* End PBXFrameworksBuildPhase section */

/* Begin PBXGroup section */
		0D0680BD2AFE452200F918C6 /* Extensions */ = {
			isa = PBXGroup;
			children = (
				0D0680BE2AFE453600F918C6 /* BindingExtensions.swift */,
			);
			path = Extensions;
			sourceTree = "<group>";
		};
		0D0680C62AFEB5E300F918C6 /* Managers */ = {
			isa = PBXGroup;
			children = (
				0D0680C72AFEB5F200F918C6 /* UserAuthManager.swift */,
			);
			path = Managers;
			sourceTree = "<group>";
		};
		0D325FAF2AFBE22F0099FAD2 /* Navigation */ = {
			isa = PBXGroup;
			children = (
				0D325FB02AFBE24A0099FAD2 /* NavigationItem.swift */,
				0D325FB22AFBF01E0099FAD2 /* Sidebar.swift */,
				0D325FB42AFBF4600099FAD2 /* DetailView.swift */,
			);
			name = Navigation;
			sourceTree = "<group>";
		};
		0D325FBE2AFD1FB50099FAD2 /* NetworkService */ = {
			isa = PBXGroup;
			children = (
				0D325FBF2AFD1FC90099FAD2 /* NetworkService.swift */,
				0D325FC12AFD1FE40099FAD2 /* Endpoints.swift */,
			);
			path = NetworkService;
			sourceTree = "<group>";
		};
		0D325FC32AFD22F20099FAD2 /* ViewModels */ = {
			isa = PBXGroup;
			children = (
				0D325FC42AFD22FE0099FAD2 /* SignupViewModel.swift */,
				0D0680C12AFE540200F918C6 /* SigninViewModel.swift */,
			);
			path = ViewModels;
			sourceTree = "<group>";
		};
		0D4B388D2AF6B48F0021A71F = {
			isa = PBXGroup;
			children = (
				0DA1906C2AF800820091931E /* Info.plist */,
				0D4B38982AF6B48F0021A71F /* KoToDo */,
				0D4B38972AF6B48F0021A71F /* Products */,
			);
			sourceTree = "<group>";
		};
		0D4B38972AF6B48F0021A71F /* Products */ = {
			isa = PBXGroup;
			children = (
				0D4B38962AF6B48F0021A71F /* KoToDo.app */,
			);
			name = Products;
			sourceTree = "<group>";
		};
		0D4B38982AF6B48F0021A71F /* KoToDo */ = {
			isa = PBXGroup;
			children = (
				0D0680C62AFEB5E300F918C6 /* Managers */,
				0D0680BD2AFE452200F918C6 /* Extensions */,
				0D325FC32AFD22F20099FAD2 /* ViewModels */,
				0D325FBE2AFD1FB50099FAD2 /* NetworkService */,
				0D91464F2AF9354D003A4E53 /* Endpoints */,
				0D6991852AF6DD3100FC7051 /* Views */,
				0D4B38AD2AF6B5A50021A71F /* Models */,
				0D4B38992AF6B48F0021A71F /* KoToDoApp.swift */,
				0D4B389B2AF6B48F0021A71F /* ContentView.swift */,
				0D4B389D2AF6B48F0021A71F /* Item.swift */,
				0D4B389F2AF6B4910021A71F /* Assets.xcassets */,
				0D4B38A42AF6B4910021A71F /* KoToDo.entitlements */,
				0D4B38A12AF6B4910021A71F /* Preview Content */,
			);
			path = KoToDo;
			sourceTree = "<group>";
		};
		0D4B38A12AF6B4910021A71F /* Preview Content */ = {
			isa = PBXGroup;
			children = (
				0D4B38A22AF6B4910021A71F /* Preview Assets.xcassets */,
			);
			path = "Preview Content";
			sourceTree = "<group>";
		};
		0D4B38AD2AF6B5A50021A71F /* Models */ = {
			isa = PBXGroup;
			children = (
				0D4B38AE2AF6B5B80021A71F /* User.swift */,
				0D4B38B02AF6B62B0021A71F /* JWTToken.swift */,
				0D4B38B22AF6B65E0021A71F /* Todo.swift */,
				0DA1906A2AF7F3B60091931E /* CodableUser.swift */,
			);
			path = Models;
			sourceTree = "<group>";
		};
		0D6991852AF6DD3100FC7051 /* Views */ = {
			isa = PBXGroup;
			children = (
				0D325FAF2AFBE22F0099FAD2 /* Navigation */,
				0D6991862AF6DD4D00FC7051 /* SignUpView.swift */,
				0D6991882AF6DDCB00FC7051 /* SignInView.swift */,
				0D69918A2AF6DDDC00FC7051 /* TodoEditorView.swift */,
				0D325FB62AFBF4910099FAD2 /* AddTodoView.swift */,
				0D325FB82AFBF49C0099FAD2 /* ListTodoView.swift */,
				0D325FBA2AFBF4DE0099FAD2 /* HomeView.swift */,
			);
			path = Views;
			sourceTree = "<group>";
		};
		0D91464F2AF9354D003A4E53 /* Endpoints */ = {
			isa = PBXGroup;
			children = (
				0D9146502AF93554003A4E53 /* Users */,
			);
			path = Endpoints;
			sourceTree = "<group>";
		};
		0D9146502AF93554003A4E53 /* Users */ = {
			isa = PBXGroup;
			children = (
				0D9146512AF93561003A4E53 /* LoginHandler.swift */,
				0D325FBC2AFD1D850099FAD2 /* SignupHandler.swift */,
			);
			path = Users;
			sourceTree = "<group>";
		};
/* End PBXGroup section */

/* Begin PBXNativeTarget section */
		0D4B38952AF6B48F0021A71F /* KoToDo */ = {
			isa = PBXNativeTarget;
			buildConfigurationList = 0D4B38A72AF6B4910021A71F /* Build configuration list for PBXNativeTarget "KoToDo" */;
			buildPhases = (
				0D4B38922AF6B48F0021A71F /* Sources */,
				0D4B38932AF6B48F0021A71F /* Frameworks */,
				0D4B38942AF6B48F0021A71F /* Resources */,
			);
			buildRules = (
			);
			dependencies = (
			);
			name = KoToDo;
			packageProductDependencies = (
				0D0680C42AFE872B00F918C6 /* JWTDecode */,
			);
			productName = KoToDo;
			productReference = 0D4B38962AF6B48F0021A71F /* KoToDo.app */;
			productType = "com.apple.product-type.application";
		};
/* End PBXNativeTarget section */

/* Begin PBXProject section */
		0D4B388E2AF6B48F0021A71F /* Project object */ = {
			isa = PBXProject;
			attributes = {
				BuildIndependentTargetsInParallel = 1;
				LastSwiftUpdateCheck = 1500;
				LastUpgradeCheck = 1500;
				TargetAttributes = {
					0D4B38952AF6B48F0021A71F = {
						CreatedOnToolsVersion = 15.0;
					};
				};
			};
			buildConfigurationList = 0D4B38912AF6B48F0021A71F /* Build configuration list for PBXProject "KoToDo" */;
			compatibilityVersion = "Xcode 14.0";
			developmentRegion = en;
			hasScannedForEncodings = 0;
			knownRegions = (
				en,
				Base,
			);
			mainGroup = 0D4B388D2AF6B48F0021A71F;
			packageReferences = (
				0D0680C32AFE872B00F918C6 /* XCRemoteSwiftPackageReference "JWTDecode" */,
			);
			productRefGroup = 0D4B38972AF6B48F0021A71F /* Products */;
			projectDirPath = "";
			projectRoot = "";
			targets = (
				0D4B38952AF6B48F0021A71F /* KoToDo */,
			);
		};
/* End PBXProject section */

/* Begin PBXResourcesBuildPhase section */
		0D4B38942AF6B48F0021A71F /* Resources */ = {
			isa = PBXResourcesBuildPhase;
			buildActionMask = 2147483647;
			files = (
				0D4B38A32AF6B4910021A71F /* Preview Assets.xcassets in Resources */,
				0D4B38A02AF6B4910021A71F /* Assets.xcassets in Resources */,
				0DA1906D2AF800820091931E /* Info.plist in Resources */,
			);
			runOnlyForDeploymentPostprocessing = 0;
		};
/* End PBXResourcesBuildPhase section */

/* Begin PBXSourcesBuildPhase section */
		0D4B38922AF6B48F0021A71F /* Sources */ = {
			isa = PBXSourcesBuildPhase;
			buildActionMask = 2147483647;
			files = (
				0D4B38AF2AF6B5B80021A71F /* User.swift in Sources */,
				0D325FB72AFBF4910099FAD2 /* AddTodoView.swift in Sources */,
				0D325FB52AFBF4600099FAD2 /* DetailView.swift in Sources */,
				0D325FC52AFD22FE0099FAD2 /* SignupViewModel.swift in Sources */,
				0D325FB32AFBF01E0099FAD2 /* Sidebar.swift in Sources */,
				0D4B38B32AF6B65E0021A71F /* Todo.swift in Sources */,
				0D4B389C2AF6B48F0021A71F /* ContentView.swift in Sources */,
				0D6991892AF6DDCB00FC7051 /* SignInView.swift in Sources */,
				0D325FB92AFBF49C0099FAD2 /* ListTodoView.swift in Sources */,
				0D0680BF2AFE453600F918C6 /* BindingExtensions.swift in Sources */,
				0D325FB12AFBE24A0099FAD2 /* NavigationItem.swift in Sources */,
				0DA1906B2AF7F3B60091931E /* CodableUser.swift in Sources */,
				0D69918B2AF6DDDC00FC7051 /* TodoEditorView.swift in Sources */,
				0D325FBB2AFBF4DE0099FAD2 /* HomeView.swift in Sources */,
				0D4B38B12AF6B62B0021A71F /* JWTToken.swift in Sources */,
				0D9146522AF93561003A4E53 /* LoginHandler.swift in Sources */,
				0D325FC22AFD1FE40099FAD2 /* Endpoints.swift in Sources */,
				0D4B389E2AF6B48F0021A71F /* Item.swift in Sources */,
				0D325FC02AFD1FC90099FAD2 /* NetworkService.swift in Sources */,
				0D0680C22AFE540200F918C6 /* SigninViewModel.swift in Sources */,
				0D0680C82AFEB5F200F918C6 /* UserAuthManager.swift in Sources */,
				0D6991872AF6DD4D00FC7051 /* SignUpView.swift in Sources */,
				0D325FBD2AFD1D850099FAD2 /* SignupHandler.swift in Sources */,
				0D4B389A2AF6B48F0021A71F /* KoToDoApp.swift in Sources */,
			);
			runOnlyForDeploymentPostprocessing = 0;
		};
/* End PBXSourcesBuildPhase section */

/* Begin XCBuildConfiguration section */
		0D4B38A52AF6B4910021A71F /* Debug */ = {
			isa = XCBuildConfiguration;
			buildSettings = {
				ALWAYS_SEARCH_USER_PATHS = NO;
				ASSETCATALOG_COMPILER_GENERATE_SWIFT_ASSET_SYMBOL_EXTENSIONS = YES;
				CLANG_ANALYZER_NONNULL = YES;
				CLANG_ANALYZER_NUMBER_OBJECT_CONVERSION = YES_AGGRESSIVE;
				CLANG_CXX_LANGUAGE_STANDARD = "gnu++20";
				CLANG_ENABLE_MODULES = YES;
				CLANG_ENABLE_OBJC_ARC = YES;
				CLANG_ENABLE_OBJC_WEAK = YES;
				CLANG_WARN_BLOCK_CAPTURE_AUTORELEASING = YES;
				CLANG_WARN_BOOL_CONVERSION = YES;
				CLANG_WARN_COMMA = YES;
				CLANG_WARN_CONSTANT_CONVERSION = YES;
				CLANG_WARN_DEPRECATED_OBJC_IMPLEMENTATIONS = YES;
				CLANG_WARN_DIRECT_OBJC_ISA_USAGE = YES_ERROR;
				CLANG_WARN_DOCUMENTATION_COMMENTS = YES;
				CLANG_WARN_EMPTY_BODY = YES;
				CLANG_WARN_ENUM_CONVERSION = YES;
				CLANG_WARN_INFINITE_RECURSION = YES;
				CLANG_WARN_INT_CONVERSION = YES;
				CLANG_WARN_NON_LITERAL_NULL_CONVERSION = YES;
				CLANG_WARN_OBJC_IMPLICIT_RETAIN_SELF = YES;
				CLANG_WARN_OBJC_LITERAL_CONVERSION = YES;
				CLANG_WARN_OBJC_ROOT_CLASS = YES_ERROR;
				CLANG_WARN_QUOTED_INCLUDE_IN_FRAMEWORK_HEADER = YES;
				CLANG_WARN_RANGE_LOOP_ANALYSIS = YES;
				CLANG_WARN_STRICT_PROTOTYPES = YES;
				CLANG_WARN_SUSPICIOUS_MOVE = YES;
				CLANG_WARN_UNGUARDED_AVAILABILITY = YES_AGGRESSIVE;
				CLANG_WARN_UNREACHABLE_CODE = YES;
				CLANG_WARN__DUPLICATE_METHOD_MATCH = YES;
				COPY_PHASE_STRIP = NO;
				DEBUG_INFORMATION_FORMAT = dwarf;
				ENABLE_STRICT_OBJC_MSGSEND = YES;
				ENABLE_TESTABILITY = YES;
				ENABLE_USER_SCRIPT_SANDBOXING = YES;
				GCC_C_LANGUAGE_STANDARD = gnu17;
				GCC_DYNAMIC_NO_PIC = NO;
				GCC_NO_COMMON_BLOCKS = YES;
				GCC_OPTIMIZATION_LEVEL = 0;
				GCC_PREPROCESSOR_DEFINITIONS = (
					"DEBUG=1",
					"$(inherited)",
				);
				GCC_WARN_64_TO_32_BIT_CONVERSION = YES;
				GCC_WARN_ABOUT_RETURN_TYPE = YES_ERROR;
				GCC_WARN_UNDECLARED_SELECTOR = YES;
				GCC_WARN_UNINITIALIZED_AUTOS = YES_AGGRESSIVE;
				GCC_WARN_UNUSED_FUNCTION = YES;
				GCC_WARN_UNUSED_VARIABLE = YES;
				LOCALIZATION_PREFERS_STRING_CATALOGS = YES;
				MACOSX_DEPLOYMENT_TARGET = 14.0;
				MTL_ENABLE_DEBUG_INFO = INCLUDE_SOURCE;
				MTL_FAST_MATH = YES;
				ONLY_ACTIVE_ARCH = YES;
				SDKROOT = macosx;
				SWIFT_ACTIVE_COMPILATION_CONDITIONS = "DEBUG $(inherited)";
				SWIFT_OPTIMIZATION_LEVEL = "-Onone";
			};
			name = Debug;
		};
		0D4B38A62AF6B4910021A71F /* Release */ = {
			isa = XCBuildConfiguration;
			buildSettings = {
				ALWAYS_SEARCH_USER_PATHS = NO;
				ASSETCATALOG_COMPILER_GENERATE_SWIFT_ASSET_SYMBOL_EXTENSIONS = YES;
				CLANG_ANALYZER_NONNULL = YES;
				CLANG_ANALYZER_NUMBER_OBJECT_CONVERSION = YES_AGGRESSIVE;
				CLANG_CXX_LANGUAGE_STANDARD = "gnu++20";
				CLANG_ENABLE_MODULES = YES;
				CLANG_ENABLE_OBJC_ARC = YES;
				CLANG_ENABLE_OBJC_WEAK = YES;
				CLANG_WARN_BLOCK_CAPTURE_AUTORELEASING = YES;
				CLANG_WARN_BOOL_CONVERSION = YES;
				CLANG_WARN_COMMA = YES;
				CLANG_WARN_CONSTANT_CONVERSION = YES;
				CLANG_WARN_DEPRECATED_OBJC_IMPLEMENTATIONS = YES;
				CLANG_WARN_DIRECT_OBJC_ISA_USAGE = YES_ERROR;
				CLANG_WARN_DOCUMENTATION_COMMENTS = YES;
				CLANG_WARN_EMPTY_BODY = YES;
				CLANG_WARN_ENUM_CONVERSION = YES;
				CLANG_WARN_INFINITE_RECURSION = YES;
				CLANG_WARN_INT_CONVERSION = YES;
				CLANG_WARN_NON_LITERAL_NULL_CONVERSION = YES;
				CLANG_WARN_OBJC_IMPLICIT_RETAIN_SELF = YES;
				CLANG_WARN_OBJC_LITERAL_CONVERSION = YES;
				CLANG_WARN_OBJC_ROOT_CLASS = YES_ERROR;
				CLANG_WARN_QUOTED_INCLUDE_IN_FRAMEWORK_HEADER = YES;
				CLANG_WARN_RANGE_LOOP_ANALYSIS = YES;
				CLANG_WARN_STRICT_PROTOTYPES = YES;
				CLANG_WARN_SUSPICIOUS_MOVE = YES;
				CLANG_WARN_UNGUARDED_AVAILABILITY = YES_AGGRESSIVE;
				CLANG_WARN_UNREACHABLE_CODE = YES;
				CLANG_WARN__DUPLICATE_METHOD_MATCH = YES;
				COPY_PHASE_STRIP = NO;
				DEBUG_INFORMATION_FORMAT = "dwarf-with-dsym";
				ENABLE_NS_ASSERTIONS = NO;
				ENABLE_STRICT_OBJC_MSGSEND = YES;
				ENABLE_USER_SCRIPT_SANDBOXING = YES;
				GCC_C_LANGUAGE_STANDARD = gnu17;
				GCC_NO_COMMON_BLOCKS = YES;
				GCC_WARN_64_TO_32_BIT_CONVERSION = YES;
				GCC_WARN_ABOUT_RETURN_TYPE = YES_ERROR;
				GCC_WARN_UNDECLARED_SELECTOR = YES;
				GCC_WARN_UNINITIALIZED_AUTOS = YES_AGGRESSIVE;
				GCC_WARN_UNUSED_FUNCTION = YES;
				GCC_WARN_UNUSED_VARIABLE = YES;
				LOCALIZATION_PREFERS_STRING_CATALOGS = YES;
				MACOSX_DEPLOYMENT_TARGET = 14.0;
				MTL_ENABLE_DEBUG_INFO = NO;
				MTL_FAST_MATH = YES;
				SDKROOT = macosx;
				SWIFT_COMPILATION_MODE = wholemodule;
			};
			name = Release;
		};
		0D4B38A82AF6B4910021A71F /* Debug */ = {
			isa = XCBuildConfiguration;
			buildSettings = {
				ASSETCATALOG_COMPILER_APPICON_NAME = AppIcon;
				ASSETCATALOG_COMPILER_GLOBAL_ACCENT_COLOR_NAME = AccentColor;
				CODE_SIGN_ENTITLEMENTS = KoToDo/KoToDo.entitlements;
				CODE_SIGN_STYLE = Automatic;
				COMBINE_HIDPI_IMAGES = YES;
				CURRENT_PROJECT_VERSION = 1;
				DEVELOPMENT_ASSET_PATHS = "\"KoToDo/Preview Content\"";
				DEVELOPMENT_TEAM = Z474855M54;
				ENABLE_HARDENED_RUNTIME = YES;
				ENABLE_PREVIEWS = YES;
				GENERATE_INFOPLIST_FILE = YES;
				INFOPLIST_FILE = "$(SRCROOT)/Info.plist";
				INFOPLIST_KEY_NSHumanReadableCopyright = "";
				LD_RUNPATH_SEARCH_PATHS = (
					"$(inherited)",
					"@executable_path/../Frameworks",
				);
				MACOSX_DEPLOYMENT_TARGET = 14.0;
				MARKETING_VERSION = 1.0;
				PRODUCT_BUNDLE_IDENTIFIER = net.ivanscorral.KoToDo;
				PRODUCT_NAME = "$(TARGET_NAME)";
				SWIFT_EMIT_LOC_STRINGS = YES;
				SWIFT_VERSION = 5.0;
			};
			name = Debug;
		};
		0D4B38A92AF6B4910021A71F /* Release */ = {
			isa = XCBuildConfiguration;
			buildSettings = {
				ASSETCATALOG_COMPILER_APPICON_NAME = AppIcon;
				ASSETCATALOG_COMPILER_GLOBAL_ACCENT_COLOR_NAME = AccentColor;
				CODE_SIGN_ENTITLEMENTS = KoToDo/KoToDo.entitlements;
				CODE_SIGN_STYLE = Automatic;
				COMBINE_HIDPI_IMAGES = YES;
				CURRENT_PROJECT_VERSION = 1;
				DEVELOPMENT_ASSET_PATHS = "\"KoToDo/Preview Content\"";
				DEVELOPMENT_TEAM = Z474855M54;
				ENABLE_HARDENED_RUNTIME = YES;
				ENABLE_PREVIEWS = YES;
				GENERATE_INFOPLIST_FILE = YES;
				INFOPLIST_FILE = "$(SRCROOT)/Info.plist";
				INFOPLIST_KEY_NSHumanReadableCopyright = "";
				LD_RUNPATH_SEARCH_PATHS = (
					"$(inherited)",
					"@executable_path/../Frameworks",
				);
				MACOSX_DEPLOYMENT_TARGET = 14.0;
				MARKETING_VERSION = 1.0;
				PRODUCT_BUNDLE_IDENTIFIER = net.ivanscorral.KoToDo;
				PRODUCT_NAME = "$(TARGET_NAME)";
				SWIFT_EMIT_LOC_STRINGS = YES;
				SWIFT_VERSION = 5.0;
			};
			name = Release;
		};
/* End XCBuildConfiguration section */

/* Begin XCConfigurationList section */
		0D4B38912AF6B48F0021A71F /* Build configuration list for PBXProject "KoToDo" */ = {
			isa = XCConfigurationList;
			buildConfigurations = (
				0D4B38A52AF6B4910021A71F /* Debug */,
				0D4B38A62AF6B4910021A71F /* Release */,
			);
			defaultConfigurationIsVisible = 0;
			defaultConfigurationName = Release;
		};
		0D4B38A72AF6B4910021A71F /* Build configuration list for PBXNativeTarget "KoToDo" */ = {
			isa = XCConfigurationList;
			buildConfigurations = (
				0D4B38A82AF6B4910021A71F /* Debug */,
				0D4B38A92AF6B4910021A71F /* Release */,
			);
			defaultConfigurationIsVisible = 0;
			defaultConfigurationName = Release;
		};
/* End XCConfigurationList section */

/* Begin XCRemoteSwiftPackageReference section */
		0D0680C32AFE872B00F918C6 /* XCRemoteSwiftPackageReference "JWTDecode" */ = {
			isa = XCRemoteSwiftPackageReference;
			repositoryURL = "https://github.com/auth0/JWTDecode.swift";
			requirement = {
				kind = upToNextMajorVersion;
				minimumVersion = 3.1.0;
			};
		};
/* End XCRemoteSwiftPackageReference section */

/* Begin XCSwiftPackageProductDependency section */
		0D0680C42AFE872B00F918C6 /* JWTDecode */ = {
			isa = XCSwiftPackageProductDependency;
			package = 0D0680C32AFE872B00F918C6 /* XCRemoteSwiftPackageReference "JWTDecode" */;
			productName = JWTDecode;
		};
/* End XCSwiftPackageProductDependency section */
	};
	rootObject = 0D4B388E2AF6B48F0021A71F /* Project object */;
}
